// !$*UTF8*$!
{
	archiveVersion = 1;
	classes = {
	};
	objectVersion = 50;
	objects = {

/* Begin PBXBuildFile section */
		DDFF2C3026FA1B80006C0187 /* EmojiArtApp.swift in Sources */ = {isa = PBXBuildFile; fileRef = DDFF2C1C26FA1B7F006C0187 /* EmojiArtApp.swift */; };
		DDFF2C3126FA1B80006C0187 /* EmojiArtApp.swift in Sources */ = {isa = PBXBuildFile; fileRef = DDFF2C1C26FA1B7F006C0187 /* EmojiArtApp.swift */; };
		DDFF2C3226FA1B80006C0187 /* EmojiArtDocument.swift in Sources */ = {isa = PBXBuildFile; fileRef = DDFF2C1D26FA1B7F006C0187 /* EmojiArtDocument.swift */; };
		DDFF2C3326FA1B80006C0187 /* EmojiArtDocument.swift in Sources */ = {isa = PBXBuildFile; fileRef = DDFF2C1D26FA1B7F006C0187 /* EmojiArtDocument.swift */; };
		DDFF2C3626FA1B80006C0187 /* Assets.xcassets in Resources */ = {isa = PBXBuildFile; fileRef = DDFF2C1F26FA1B80006C0187 /* Assets.xcassets */; };
		DDFF2C3726FA1B80006C0187 /* Assets.xcassets in Resources */ = {isa = PBXBuildFile; fileRef = DDFF2C1F26FA1B80006C0187 /* Assets.xcassets */; };
		DDFF2C4C26FA1E8A006C0187 /* PhotoLibrary.swift in Sources */ = {isa = PBXBuildFile; fileRef = DDFF2C4026FA1E8A006C0187 /* PhotoLibrary.swift */; };
		DDFF2C4E26FA1E8A006C0187 /* PaletteChooser.swift in Sources */ = {isa = PBXBuildFile; fileRef = DDFF2C4126FA1E8A006C0187 /* PaletteChooser.swift */; };
		DDFF2C4F26FA1E8A006C0187 /* PaletteChooser.swift in Sources */ = {isa = PBXBuildFile; fileRef = DDFF2C4126FA1E8A006C0187 /* PaletteChooser.swift */; };
		DDFF2C5026FA1E8A006C0187 /* PaletteManager.swift in Sources */ = {isa = PBXBuildFile; fileRef = DDFF2C4226FA1E8A006C0187 /* PaletteManager.swift */; };
		DDFF2C5226FA1E8A006C0187 /* UtilityExtensions.swift in Sources */ = {isa = PBXBuildFile; fileRef = DDFF2C4326FA1E8A006C0187 /* UtilityExtensions.swift */; };
		DDFF2C5326FA1E8A006C0187 /* UtilityExtensions.swift in Sources */ = {isa = PBXBuildFile; fileRef = DDFF2C4326FA1E8A006C0187 /* UtilityExtensions.swift */; };
		DDFF2C5426FA1E8A006C0187 /* UtilityViews.swift in Sources */ = {isa = PBXBuildFile; fileRef = DDFF2C4426FA1E8A006C0187 /* UtilityViews.swift */; };
		DDFF2C5526FA1E8A006C0187 /* UtilityViews.swift in Sources */ = {isa = PBXBuildFile; fileRef = DDFF2C4426FA1E8A006C0187 /* UtilityViews.swift */; };
		DDFF2C5626FA1E8A006C0187 /* Camera.swift in Sources */ = {isa = PBXBuildFile; fileRef = DDFF2C4526FA1E8A006C0187 /* Camera.swift */; };
		DDFF2C5826FA1E8A006C0187 /* EmojiArtDocumentView.swift in Sources */ = {isa = PBXBuildFile; fileRef = DDFF2C4626FA1E8A006C0187 /* EmojiArtDocumentView.swift */; };
		DDFF2C5926FA1E8A006C0187 /* EmojiArtDocumentView.swift in Sources */ = {isa = PBXBuildFile; fileRef = DDFF2C4626FA1E8A006C0187 /* EmojiArtDocumentView.swift */; };
		DDFF2C5A26FA1E8A006C0187 /* EmojiArtModel.swift in Sources */ = {isa = PBXBuildFile; fileRef = DDFF2C4726FA1E8A006C0187 /* EmojiArtModel.swift */; };
		DDFF2C5B26FA1E8A006C0187 /* EmojiArtModel.swift in Sources */ = {isa = PBXBuildFile; fileRef = DDFF2C4726FA1E8A006C0187 /* EmojiArtModel.swift */; };
		DDFF2C5C26FA1E8A006C0187 /* AnimatableSystemSizeModifier.swift in Sources */ = {isa = PBXBuildFile; fileRef = DDFF2C4826FA1E8A006C0187 /* AnimatableSystemSizeModifier.swift */; };
		DDFF2C5D26FA1E8A006C0187 /* AnimatableSystemSizeModifier.swift in Sources */ = {isa = PBXBuildFile; fileRef = DDFF2C4826FA1E8A006C0187 /* AnimatableSystemSizeModifier.swift */; };
		DDFF2C5E26FA1E8A006C0187 /* EmojiArtModel.Background.swift in Sources */ = {isa = PBXBuildFile; fileRef = DDFF2C4926FA1E8A006C0187 /* EmojiArtModel.Background.swift */; };
		DDFF2C5F26FA1E8A006C0187 /* EmojiArtModel.Background.swift in Sources */ = {isa = PBXBuildFile; fileRef = DDFF2C4926FA1E8A006C0187 /* EmojiArtModel.Background.swift */; };
		DDFF2C6026FA1E8A006C0187 /* PaletteEditor.swift in Sources */ = {isa = PBXBuildFile; fileRef = DDFF2C4A26FA1E8A006C0187 /* PaletteEditor.swift */; };
		DDFF2C6126FA1E8A006C0187 /* PaletteEditor.swift in Sources */ = {isa = PBXBuildFile; fileRef = DDFF2C4A26FA1E8A006C0187 /* PaletteEditor.swift */; };
		DDFF2C6226FA1E8A006C0187 /* PaletteStore.swift in Sources */ = {isa = PBXBuildFile; fileRef = DDFF2C4B26FA1E8A006C0187 /* PaletteStore.swift */; };
		DDFF2C6326FA1E8A006C0187 /* PaletteStore.swift in Sources */ = {isa = PBXBuildFile; fileRef = DDFF2C4B26FA1E8A006C0187 /* PaletteStore.swift */; };
		DDFF2C6626FA2116006C0187 /* macOS.swift in Sources */ = {isa = PBXBuildFile; fileRef = DDFF2C6426FA2116006C0187 /* macOS.swift */; };
		DDFF2C6826FA2448006C0187 /* iOS.swift in Sources */ = {isa = PBXBuildFile; fileRef = DDFF2C6726FA2448006C0187 /* iOS.swift */; };
/* End PBXBuildFile section */

/* Begin PBXFileReference section */
		DDFF2C1C26FA1B7F006C0187 /* EmojiArtApp.swift */ = {isa = PBXFileReference; lastKnownFileType = sourcecode.swift; path = EmojiArtApp.swift; sourceTree = "<group>"; };
		DDFF2C1D26FA1B7F006C0187 /* EmojiArtDocument.swift */ = {isa = PBXFileReference; lastKnownFileType = sourcecode.swift; path = EmojiArtDocument.swift; sourceTree = "<group>"; };
		DDFF2C1F26FA1B80006C0187 /* Assets.xcassets */ = {isa = PBXFileReference; lastKnownFileType = folder.assetcatalog; path = Assets.xcassets; sourceTree = "<group>"; };
		DDFF2C2426FA1B80006C0187 /* EmojiArt.app */ = {isa = PBXFileReference; explicitFileType = wrapper.application; includeInIndex = 0; path = EmojiArt.app; sourceTree = BUILT_PRODUCTS_DIR; };
		DDFF2C2726FA1B80006C0187 /* Info.plist */ = {isa = PBXFileReference; lastKnownFileType = text.plist.xml; path = Info.plist; sourceTree = "<group>"; };
		DDFF2C2C26FA1B80006C0187 /* EmojiArt.app */ = {isa = PBXFileReference; explicitFileType = wrapper.application; includeInIndex = 0; path = EmojiArt.app; sourceTree = BUILT_PRODUCTS_DIR; };
		DDFF2C2E26FA1B80006C0187 /* Info.plist */ = {isa = PBXFileReference; lastKnownFileType = text.plist.xml; path = Info.plist; sourceTree = "<group>"; };
		DDFF2C2F26FA1B80006C0187 /* macOS.entitlements */ = {isa = PBXFileReference; lastKnownFileType = text.plist.entitlements; path = macOS.entitlements; sourceTree = "<group>"; };
		DDFF2C4026FA1E8A006C0187 /* PhotoLibrary.swift */ = {isa = PBXFileReference; fileEncoding = 4; lastKnownFileType = sourcecode.swift; path = PhotoLibrary.swift; sourceTree = "<group>"; };
		DDFF2C4126FA1E8A006C0187 /* PaletteChooser.swift */ = {isa = PBXFileReference; fileEncoding = 4; lastKnownFileType = sourcecode.swift; path = PaletteChooser.swift; sourceTree = "<group>"; };
		DDFF2C4226FA1E8A006C0187 /* PaletteManager.swift */ = {isa = PBXFileReference; fileEncoding = 4; lastKnownFileType = sourcecode.swift; path = PaletteManager.swift; sourceTree = "<group>"; };
		DDFF2C4326FA1E8A006C0187 /* UtilityExtensions.swift */ = {isa = PBXFileReference; fileEncoding = 4; lastKnownFileType = sourcecode.swift; path = UtilityExtensions.swift; sourceTree = "<group>"; };
		DDFF2C4426FA1E8A006C0187 /* UtilityViews.swift */ = {isa = PBXFileReference; fileEncoding = 4; lastKnownFileType = sourcecode.swift; path = UtilityViews.swift; sourceTree = "<group>"; };
		DDFF2C4526FA1E8A006C0187 /* Camera.swift */ = {isa = PBXFileReference; fileEncoding = 4; lastKnownFileType = sourcecode.swift; path = Camera.swift; sourceTree = "<group>"; };
		DDFF2C4626FA1E8A006C0187 /* EmojiArtDocumentView.swift */ = {isa = PBXFileReference; fileEncoding = 4; lastKnownFileType = sourcecode.swift; path = EmojiArtDocumentView.swift; sourceTree = "<group>"; };
		DDFF2C4726FA1E8A006C0187 /* EmojiArtModel.swift */ = {isa = PBXFileReference; fileEncoding = 4; lastKnownFileType = sourcecode.swift; path = EmojiArtModel.swift; sourceTree = "<group>"; };
		DDFF2C4826FA1E8A006C0187 /* AnimatableSystemSizeModifier.swift */ = {isa = PBXFileReference; fileEncoding = 4; lastKnownFileType = sourcecode.swift; path = AnimatableSystemSizeModifier.swift; sourceTree = "<group>"; };
		DDFF2C4926FA1E8A006C0187 /* EmojiArtModel.Background.swift */ = {isa = PBXFileReference; fileEncoding = 4; lastKnownFileType = sourcecode.swift; path = EmojiArtModel.Background.swift; sourceTree = "<group>"; };
		DDFF2C4A26FA1E8A006C0187 /* PaletteEditor.swift */ = {isa = PBXFileReference; fileEncoding = 4; lastKnownFileType = sourcecode.swift; path = PaletteEditor.swift; sourceTree = "<group>"; };
		DDFF2C4B26FA1E8A006C0187 /* PaletteStore.swift */ = {isa = PBXFileReference; fileEncoding = 4; lastKnownFileType = sourcecode.swift; path = PaletteStore.swift; sourceTree = "<group>"; };
		DDFF2C6426FA2116006C0187 /* macOS.swift */ = {isa = PBXFileReference; lastKnownFileType = sourcecode.swift; path = macOS.swift; sourceTree = "<group>"; };
		DDFF2C6726FA2448006C0187 /* iOS.swift */ = {isa = PBXFileReference; lastKnownFileType = sourcecode.swift; path = iOS.swift; sourceTree = "<group>"; };
/* End PBXFileReference section */

/* Begin PBXFrameworksBuildPhase section */
		DDFF2C2126FA1B80006C0187 /* Frameworks */ = {
			isa = PBXFrameworksBuildPhase;
			buildActionMask = 2147483647;
			files = (
			);
			runOnlyForDeploymentPostprocessing = 0;
		};
		DDFF2C2926FA1B80006C0187 /* Frameworks */ = {
			isa = PBXFrameworksBuildPhase;
			buildActionMask = 2147483647;
			files = (
			);
			runOnlyForDeploymentPostprocessing = 0;
		};
/* End PBXFrameworksBuildPhase section */

/* Begin PBXGroup section */
		DDFF2C1626FA1B7F006C0187 = {
			isa = PBXGroup;
			children = (
				DDFF2C1B26FA1B7F006C0187 /* Shared */,
				DDFF2C2626FA1B80006C0187 /* iOS */,
				DDFF2C2D26FA1B80006C0187 /* macOS */,
				DDFF2C2526FA1B80006C0187 /* Products */,
			);
			sourceTree = "<group>";
		};
		DDFF2C1B26FA1B7F006C0187 /* Shared */ = {
			isa = PBXGroup;
			children = (
				DDFF2C1C26FA1B7F006C0187 /* EmojiArtApp.swift */,
				DDFF2C1D26FA1B7F006C0187 /* EmojiArtDocument.swift */,
				DDFF2C4826FA1E8A006C0187 /* AnimatableSystemSizeModifier.swift */,
				DDFF2C4626FA1E8A006C0187 /* EmojiArtDocumentView.swift */,
				DDFF2C4926FA1E8A006C0187 /* EmojiArtModel.Background.swift */,
				DDFF2C4726FA1E8A006C0187 /* EmojiArtModel.swift */,
				DDFF2C4126FA1E8A006C0187 /* PaletteChooser.swift */,
				DDFF2C4A26FA1E8A006C0187 /* PaletteEditor.swift */,
				DDFF2C4B26FA1E8A006C0187 /* PaletteStore.swift */,
				DDFF2C4326FA1E8A006C0187 /* UtilityExtensions.swift */,
				DDFF2C4426FA1E8A006C0187 /* UtilityViews.swift */,
				DDFF2C1F26FA1B80006C0187 /* Assets.xcassets */,
			);
			path = Shared;
			sourceTree = "<group>";
		};
		DDFF2C2526FA1B80006C0187 /* Products */ = {
			isa = PBXGroup;
			children = (
				DDFF2C2426FA1B80006C0187 /* EmojiArt.app */,
				DDFF2C2C26FA1B80006C0187 /* EmojiArt.app */,
			);
			name = Products;
			sourceTree = "<group>";
		};
		DDFF2C2626FA1B80006C0187 /* iOS */ = {
			isa = PBXGroup;
			children = (
				DDFF2C4526FA1E8A006C0187 /* Camera.swift */,
				DDFF2C4026FA1E8A006C0187 /* PhotoLibrary.swift */,
				DDFF2C4226FA1E8A006C0187 /* PaletteManager.swift */,
				DDFF2C2726FA1B80006C0187 /* Info.plist */,
				DDFF2C6726FA2448006C0187 /* iOS.swift */,
			);
			path = iOS;
			sourceTree = "<group>";
		};
		DDFF2C2D26FA1B80006C0187 /* macOS */ = {
			isa = PBXGroup;
			children = (
				DDFF2C2E26FA1B80006C0187 /* Info.plist */,
				DDFF2C2F26FA1B80006C0187 /* macOS.entitlements */,
				DDFF2C6426FA2116006C0187 /* macOS.swift */,
			);
			path = macOS;
			sourceTree = "<group>";
		};
/* End PBXGroup section */

/* Begin PBXNativeTarget section */
		DDFF2C2326FA1B80006C0187 /* EmojiArt (iOS) */ = {
			isa = PBXNativeTarget;
			buildConfigurationList = DDFF2C3A26FA1B80006C0187 /* Build configuration list for PBXNativeTarget "EmojiArt (iOS)" */;
			buildPhases = (
				DDFF2C2026FA1B80006C0187 /* Sources */,
				DDFF2C2126FA1B80006C0187 /* Frameworks */,
				DDFF2C2226FA1B80006C0187 /* Resources */,
			);
			buildRules = (
			);
			dependencies = (
			);
			name = "EmojiArt (iOS)";
			productName = "EmojiArt (iOS)";
			productReference = DDFF2C2426FA1B80006C0187 /* EmojiArt.app */;
			productType = "com.apple.product-type.application";
		};
		DDFF2C2B26FA1B80006C0187 /* EmojiArt (macOS) */ = {
			isa = PBXNativeTarget;
			buildConfigurationList = DDFF2C3D26FA1B80006C0187 /* Build configuration list for PBXNativeTarget "EmojiArt (macOS)" */;
			buildPhases = (
				DDFF2C2826FA1B80006C0187 /* Sources */,
				DDFF2C2926FA1B80006C0187 /* Frameworks */,
				DDFF2C2A26FA1B80006C0187 /* Resources */,
			);
			buildRules = (
			);
			dependencies = (
			);
			name = "EmojiArt (macOS)";
			productName = "EmojiArt (macOS)";
			productReference = DDFF2C2C26FA1B80006C0187 /* EmojiArt.app */;
			productType = "com.apple.product-type.application";
		};
/* End PBXNativeTarget section */

/* Begin PBXProject section */
		DDFF2C1726FA1B7F006C0187 /* Project object */ = {
			isa = PBXProject;
			attributes = {
				LastSwiftUpdateCheck = 1250;
				LastUpgradeCheck = 1250;
				TargetAttributes = {
					DDFF2C2326FA1B80006C0187 = {
						CreatedOnToolsVersion = 12.5.1;
					};
					DDFF2C2B26FA1B80006C0187 = {
						CreatedOnToolsVersion = 12.5.1;
					};
				};
			};
			buildConfigurationList = DDFF2C1A26FA1B7F006C0187 /* Build configuration list for PBXProject "EmojiArt" */;
			compatibilityVersion = "Xcode 9.3";
			developmentRegion = en;
			hasScannedForEncodings = 0;
			knownRegions = (
				en,
				Base,
			);
			mainGroup = DDFF2C1626FA1B7F006C0187;
			productRefGroup = DDFF2C2526FA1B80006C0187 /* Products */;
			projectDirPath = "";
			projectRoot = "";
			targets = (
				DDFF2C2326FA1B80006C0187 /* EmojiArt (iOS) */,
				DDFF2C2B26FA1B80006C0187 /* EmojiArt (macOS) */,
			);
		};
/* End PBXProject section */

/* Begin PBXResourcesBuildPhase section */
		DDFF2C2226FA1B80006C0187 /* Resources */ = {
			isa = PBXResourcesBuildPhase;
			buildActionMask = 2147483647;
			files = (
				DDFF2C3626FA1B80006C0187 /* Assets.xcassets in Resources */,
			);
			runOnlyForDeploymentPostprocessing = 0;
		};
		DDFF2C2A26FA1B80006C0187 /* Resources */ = {
			isa = PBXResourcesBuildPhase;
			buildActionMask = 2147483647;
			files = (
				DDFF2C3726FA1B80006C0187 /* Assets.xcassets in Resources */,
			);
			runOnlyForDeploymentPostprocessing = 0;
		};
/* End PBXResourcesBuildPhase section */

/* Begin PBXSourcesBuildPhase section */
		DDFF2C2026FA1B80006C0187 /* Sources */ = {
			isa = PBXSourcesBuildPhase;
			buildActionMask = 2147483647;
			files = (
				DDFF2C5626FA1E8A006C0187 /* Camera.swift in Sources */,
				DDFF2C5426FA1E8A006C0187 /* UtilityViews.swift in Sources */,
				DDFF2C5826FA1E8A006C0187 /* EmojiArtDocumentView.swift in Sources */,
				DDFF2C3026FA1B80006C0187 /* EmojiArtApp.swift in Sources */,
				DDFF2C4E26FA1E8A006C0187 /* PaletteChooser.swift in Sources */,
				DDFF2C5226FA1E8A006C0187 /* UtilityExtensions.swift in Sources */,
				DDFF2C6826FA2448006C0187 /* iOS.swift in Sources */,
				DDFF2C5C26FA1E8A006C0187 /* AnimatableSystemSizeModifier.swift in Sources */,
				DDFF2C5E26FA1E8A006C0187 /* EmojiArtModel.Background.swift in Sources */,
				DDFF2C5A26FA1E8A006C0187 /* EmojiArtModel.swift in Sources */,
				DDFF2C4C26FA1E8A006C0187 /* PhotoLibrary.swift in Sources */,
				DDFF2C5026FA1E8A006C0187 /* PaletteManager.swift in Sources */,
				DDFF2C6026FA1E8A006C0187 /* PaletteEditor.swift in Sources */,
				DDFF2C3226FA1B80006C0187 /* EmojiArtDocument.swift in Sources */,
				DDFF2C6226FA1E8A006C0187 /* PaletteStore.swift in Sources */,
			);
			runOnlyForDeploymentPostprocessing = 0;
		};
		DDFF2C2826FA1B80006C0187 /* Sources */ = {
			isa = PBXSourcesBuildPhase;
			buildActionMask = 2147483647;
			files = (
				DDFF2C6626FA2116006C0187 /* macOS.swift in Sources */,
				DDFF2C5526FA1E8A006C0187 /* UtilityViews.swift in Sources */,
				DDFF2C5926FA1E8A006C0187 /* EmojiArtDocumentView.swift in Sources */,
				DDFF2C3126FA1B80006C0187 /* EmojiArtApp.swift in Sources */,
				DDFF2C4F26FA1E8A006C0187 /* PaletteChooser.swift in Sources */,
				DDFF2C5326FA1E8A006C0187 /* UtilityExtensions.swift in Sources */,
				DDFF2C5D26FA1E8A006C0187 /* AnimatableSystemSizeModifier.swift in Sources */,
				DDFF2C5F26FA1E8A006C0187 /* EmojiArtModel.Background.swift in Sources */,
				DDFF2C5B26FA1E8A006C0187 /* EmojiArtModel.swift in Sources */,
				DDFF2C6126FA1E8A006C0187 /* PaletteEditor.swift in Sources */,
				DDFF2C3326FA1B80006C0187 /* EmojiArtDocument.swift in Sources */,
				DDFF2C6326FA1E8A006C0187 /* PaletteStore.swift in Sources */,
			);
			runOnlyForDeploymentPostprocessing = 0;
		};
/* End PBXSourcesBuildPhase section */

/* Begin XCBuildConfiguration section */
		DDFF2C3826FA1B80006C0187 /* Debug */ = {
			isa = XCBuildConfiguration;
			buildSettings = {
				ALWAYS_SEARCH_USER_PATHS = NO;
				CLANG_ANALYZER_NONNULL = YES;
				CLANG_ANALYZER_NUMBER_OBJECT_CONVERSION = YES_AGGRESSIVE;
				CLANG_CXX_LANGUAGE_STANDARD = "gnu++14";
				CLANG_CXX_LIBRARY = "libc++";
				CLANG_ENABLE_MODULES = YES;
				CLANG_ENABLE_OBJC_ARC = YES;
				CLANG_ENABLE_OBJC_WEAK = YES;
				CLANG_WARN_BLOCK_CAPTURE_AUTORELEASING = YES;
				CLANG_WARN_BOOL_CONVERSION = YES;
				CLANG_WARN_COMMA = YES;
				CLANG_WARN_CONSTANT_CONVERSION = YES;
				CLANG_WARN_DEPRECATED_OBJC_IMPLEMENTATIONS = YES;
				CLANG_WARN_DIRECT_OBJC_ISA_USAGE = YES_ERROR;
				CLANG_WARN_DOCUMENTATION_COMMENTS = YES;
				CLANG_WARN_EMPTY_BODY = YES;
				CLANG_WARN_ENUM_CONVERSION = YES;
				CLANG_WARN_INFINITE_RECURSION = YES;
				CLANG_WARN_INT_CONVERSION = YES;
				CLANG_WARN_NON_LITERAL_NULL_CONVERSION = YES;
				CLANG_WARN_OBJC_IMPLICIT_RETAIN_SELF = YES;
				CLANG_WARN_OBJC_LITERAL_CONVERSION = YES;
				CLANG_WARN_OBJC_ROOT_CLASS = YES_ERROR;
				CLANG_WARN_QUOTED_INCLUDE_IN_FRAMEWORK_HEADER = YES;
				CLANG_WARN_RANGE_LOOP_ANALYSIS = YES;
				CLANG_WARN_STRICT_PROTOTYPES = YES;
				CLANG_WARN_SUSPICIOUS_MOVE = YES;
				CLANG_WARN_UNGUARDED_AVAILABILITY = YES_AGGRESSIVE;
				CLANG_WARN_UNREACHABLE_CODE = YES;
				CLANG_WARN__DUPLICATE_METHOD_MATCH = YES;
				COPY_PHASE_STRIP = NO;
				DEBUG_INFORMATION_FORMAT = dwarf;
				ENABLE_STRICT_OBJC_MSGSEND = YES;
				ENABLE_TESTABILITY = YES;
				GCC_C_LANGUAGE_STANDARD = gnu11;
				GCC_DYNAMIC_NO_PIC = NO;
				GCC_NO_COMMON_BLOCKS = YES;
				GCC_OPTIMIZATION_LEVEL = 0;
				GCC_PREPROCESSOR_DEFINITIONS = (
					"DEBUG=1",
					"$(inherited)",
				);
				GCC_WARN_64_TO_32_BIT_CONVERSION = YES;
				GCC_WARN_ABOUT_RETURN_TYPE = YES_ERROR;
				GCC_WARN_UNDECLARED_SELECTOR = YES;
				GCC_WARN_UNINITIALIZED_AUTOS = YES_AGGRESSIVE;
				GCC_WARN_UNUSED_FUNCTION = YES;
				GCC_WARN_UNUSED_VARIABLE = YES;
				MTL_ENABLE_DEBUG_INFO = INCLUDE_SOURCE;
				MTL_FAST_MATH = YES;
				ONLY_ACTIVE_ARCH = YES;
				SWIFT_ACTIVE_COMPILATION_CONDITIONS = DEBUG;
				SWIFT_OPTIMIZATION_LEVEL = "-Onone";
			};
			name = Debug;
		};
		DDFF2C3926FA1B80006C0187 /* Release */ = {
			isa = XCBuildConfiguration;
			buildSettings = {
				ALWAYS_SEARCH_USER_PATHS = NO;
				CLANG_ANALYZER_NONNULL = YES;
				CLANG_ANALYZER_NUMBER_OBJECT_CONVERSION = YES_AGGRESSIVE;
				CLANG_CXX_LANGUAGE_STANDARD = "gnu++14";
				CLANG_CXX_LIBRARY = "libc++";
				CLANG_ENABLE_MODULES = YES;
				CLANG_ENABLE_OBJC_ARC = YES;
				CLANG_ENABLE_OBJC_WEAK = YES;
				CLANG_WARN_BLOCK_CAPTURE_AUTORELEASING = YES;
				CLANG_WARN_BOOL_CONVERSION = YES;
				CLANG_WARN_COMMA = YES;
				CLANG_WARN_CONSTANT_CONVERSION = YES;
				CLANG_WARN_DEPRECATED_OBJC_IMPLEMENTATIONS = YES;
				CLANG_WARN_DIRECT_OBJC_ISA_USAGE = YES_ERROR;
				CLANG_WARN_DOCUMENTATION_COMMENTS = YES;
				CLANG_WARN_EMPTY_BODY = YES;
				CLANG_WARN_ENUM_CONVERSION = YES;
				CLANG_WARN_INFINITE_RECURSION = YES;
				CLANG_WARN_INT_CONVERSION = YES;
				CLANG_WARN_NON_LITERAL_NULL_CONVERSION = YES;
				CLANG_WARN_OBJC_IMPLICIT_RETAIN_SELF = YES;
				CLANG_WARN_OBJC_LITERAL_CONVERSION = YES;
				CLANG_WARN_OBJC_ROOT_CLASS = YES_ERROR;
				CLANG_WARN_QUOTED_INCLUDE_IN_FRAMEWORK_HEADER = YES;
				CLANG_WARN_RANGE_LOOP_ANALYSIS = YES;
				CLANG_WARN_STRICT_PROTOTYPES = YES;
				CLANG_WARN_SUSPICIOUS_MOVE = YES;
				CLANG_WARN_UNGUARDED_AVAILABILITY = YES_AGGRESSIVE;
				CLANG_WARN_UNREACHABLE_CODE = YES;
				CLANG_WARN__DUPLICATE_METHOD_MATCH = YES;
				COPY_PHASE_STRIP = NO;
				DEBUG_INFORMATION_FORMAT = "dwarf-with-dsym";
				ENABLE_NS_ASSERTIONS = NO;
				ENABLE_STRICT_OBJC_MSGSEND = YES;
				GCC_C_LANGUAGE_STANDARD = gnu11;
				GCC_NO_COMMON_BLOCKS = YES;
				GCC_WARN_64_TO_32_BIT_CONVERSION = YES;
				GCC_WARN_ABOUT_RETURN_TYPE = YES_ERROR;
				GCC_WARN_UNDECLARED_SELECTOR = YES;
				GCC_WARN_UNINITIALIZED_AUTOS = YES_AGGRESSIVE;
				GCC_WARN_UNUSED_FUNCTION = YES;
				GCC_WARN_UNUSED_VARIABLE = YES;
				MTL_ENABLE_DEBUG_INFO = NO;
				MTL_FAST_MATH = YES;
				SWIFT_COMPILATION_MODE = wholemodule;
				SWIFT_OPTIMIZATION_LEVEL = "-O";
			};
			name = Release;
		};
		DDFF2C3B26FA1B80006C0187 /* Debug */ = {
			isa = XCBuildConfiguration;
			buildSettings = {
				ASSETCATALOG_COMPILER_APPICON_NAME = AppIcon;
				ASSETCATALOG_COMPILER_GLOBAL_ACCENT_COLOR_NAME = AccentColor;
				CODE_SIGN_STYLE = Automatic;
				DEVELOPMENT_TEAM = FDT69Y2CLT;
				ENABLE_PREVIEWS = YES;
				INFOPLIST_FILE = iOS/Info.plist;
				IPHONEOS_DEPLOYMENT_TARGET = 14.0;
				LD_RUNPATH_SEARCH_PATHS = (
					"$(inherited)",
					"@executable_path/Frameworks",
				);
				PRODUCT_BUNDLE_IDENTIFIER = vadimburkin.EmojiArt;
				PRODUCT_NAME = EmojiArt;
				SDKROOT = iphoneos;
				SWIFT_VERSION = 5.0;
				TARGETED_DEVICE_FAMILY = "1,2";
			};
			name = Debug;
		};
		DDFF2C3C26FA1B80006C0187 /* Release */ = {
			isa = XCBuildConfiguration;
			buildSettings = {
				ASSETCATALOG_COMPILER_APPICON_NAME = AppIcon;
				ASSETCATALOG_COMPILER_GLOBAL_ACCENT_COLOR_NAME = AccentColor;
				CODE_SIGN_STYLE = Automatic;
				DEVELOPMENT_TEAM = FDT69Y2CLT;
				ENABLE_PREVIEWS = YES;
				INFOPLIST_FILE = iOS/Info.plist;
				IPHONEOS_DEPLOYMENT_TARGET = 14.0;
				LD_RUNPATH_SEARCH_PATHS = (
					"$(inherited)",
					"@executable_path/Frameworks",
				);
				PRODUCT_BUNDLE_IDENTIFIER = vadimburkin.EmojiArt;
				PRODUCT_NAME = EmojiArt;
				SDKROOT = iphoneos;
				SWIFT_VERSION = 5.0;
				TARGETED_DEVICE_FAMILY = "1,2";
				VALIDATE_PRODUCT = YES;
			};
			name = Release;
		};
		DDFF2C3E26FA1B80006C0187 /* Debug */ = {
			isa = XCBuildConfiguration;
			buildSettings = {
				ASSETCATALOG_COMPILER_APPICON_NAME = AppIcon;
				ASSETCATALOG_COMPILER_GLOBAL_ACCENT_COLOR_NAME = AccentColor;
				CODE_SIGN_ENTITLEMENTS = macOS/macOS.entitlements;
				CODE_SIGN_STYLE = Automatic;
				COMBINE_HIDPI_IMAGES = YES;
				DEVELOPMENT_TEAM = FDT69Y2CLT;
				ENABLE_HARDENED_RUNTIME = YES;
				ENABLE_PREVIEWS = YES;
				INFOPLIST_FILE = macOS/Info.plist;
				LD_RUNPATH_SEARCH_PATHS = (
					"$(inherited)",
					"@executable_path/../Frameworks",
				);
				MACOSX_DEPLOYMENT_TARGET = 11.0;
				PRODUCT_BUNDLE_IDENTIFIER = vadimburkin.EmojiArt;
				PRODUCT_NAME = EmojiArt;
				SDKROOT = macosx;
				SWIFT_VERSION = 5.0;
			};
			name = Debug;
		};
		DDFF2C3F26FA1B80006C0187 /* Release */ = {
			isa = XCBuildConfiguration;
			buildSettings = {
				ASSETCATALOG_COMPILER_APPICON_NAME = AppIcon;
				ASSETCATALOG_COMPILER_GLOBAL_ACCENT_COLOR_NAME = AccentColor;
				CODE_SIGN_ENTITLEMENTS = macOS/macOS.entitlements;
				CODE_SIGN_STYLE = Automatic;
				COMBINE_HIDPI_IMAGES = YES;
				DEVELOPMENT_TEAM = FDT69Y2CLT;
				ENABLE_HARDENED_RUNTIME = YES;
				ENABLE_PREVIEWS = YES;
				INFOPLIST_FILE = macOS/Info.plist;
				LD_RUNPATH_SEARCH_PATHS = (
					"$(inherited)",
					"@executable_path/../Frameworks",
				);
				MACOSX_DEPLOYMENT_TARGET = 11.0;
				PRODUCT_BUNDLE_IDENTIFIER = vadimburkin.EmojiArt;
				PRODUCT_NAME = EmojiArt;
				SDKROOT = macosx;
				SWIFT_VERSION = 5.0;
			};
			name = Release;
		};
/* End XCBuildConfiguration section */

/* Begin XCConfigurationList section */
		DDFF2C1A26FA1B7F006C0187 /* Build configuration list for PBXProject "EmojiArt" */ = {
			isa = XCConfigurationList;
			buildConfigurations = (
				DDFF2C3826FA1B80006C0187 /* Debug */,
				DDFF2C3926FA1B80006C0187 /* Release */,
			);
			defaultConfigurationIsVisible = 0;
			defaultConfigurationName = Release;
		};
		DDFF2C3A26FA1B80006C0187 /* Build configuration list for PBXNativeTarget "EmojiArt (iOS)" */ = {
			isa = XCConfigurationList;
			buildConfigurations = (
				DDFF2C3B26FA1B80006C0187 /* Debug */,
				DDFF2C3C26FA1B80006C0187 /* Release */,
			);
			defaultConfigurationIsVisible = 0;
			defaultConfigurationName = Release;
		};
		DDFF2C3D26FA1B80006C0187 /* Build configuration list for PBXNativeTarget "EmojiArt (macOS)" */ = {
			isa = XCConfigurationList;
			buildConfigurations = (
				DDFF2C3E26FA1B80006C0187 /* Debug */,
				DDFF2C3F26FA1B80006C0187 /* Release */,
			);
			defaultConfigurationIsVisible = 0;
			defaultConfigurationName = Release;
		};
/* End XCConfigurationList section */
	};
	rootObject = DDFF2C1726FA1B7F006C0187 /* Project object */;
}
